
Microsoft Visual Studio Solution File, Format Version 12.00
# Visual Studio Version 16
VisualStudioVersion = 16.0.31424.327
MinimumVisualStudioVersion = 10.0.40219.1
Project("{FAE04EC0-301F-11D3-BF4B-00C04F79EFBC}") = "WpfApp1", "WpfApp1\WpfApp1.csproj", "{2DAB0B6B-2EB2-44A3-81FF-1D6C52F07514}"
EndProject
Project("{8BC9CEB8-8B4A-11D0-8D11-00A0C91BC942}") = "HeadController", "HeadController\HeadController.vcxproj", "{2B0963AF-18B7-403B-B979-0DADEECAA8C3}"
EndProject
Project("{8BC9CEB8-8B4A-11D0-8D11-00A0C91BC942}") = "HeadControllerWrapper", "HeadControllerWrapper\HeadControllerWrapper.vcxproj", "{0C68E615-EDAF-4F29-8D5F-A383FB70E9C6}"
EndProject
Project("{8BC9CEB8-8B4A-11D0-8D11-00A0C91BC942}") = "UDPcommunication", "UDPcommunication\UDPcommunication.vcxproj", "{65232EBC-82C0-467B-A3AD-B804758EDC24}"
EndProject
Project("{8BC9CEB8-8B4A-11D0-8D11-00A0C91BC942}") = "ATS", "ATS\ATS.vcxproj", "{2FBD66E8-7039-44A1-8493-2BC146567542}"
EndProject
Project("{8BC9CEB8-8B4A-11D0-8D11-00A0C91BC942}") = "MSS", "MSS\MSS.vcxproj", "{53A72323-F4BC-44E8-9D11-F287B2AD9603}"
EndProject
Global
	GlobalSection(SolutionConfigurationPlatforms) = preSolution
		Debug|Any CPU = Debug|Any CPU
		Debug|x64 = Debug|x64
		Debug|x86 = Debug|x86
		Release|Any CPU = Release|Any CPU
		Release|x64 = Release|x64
		Release|x86 = Release|x86
	EndGlobalSection
	GlobalSection(ProjectConfigurationPlatforms) = postSolution
		{2DAB0B6B-2EB2-44A3-81FF-1D6C52F07514}.Debug|Any CPU.ActiveCfg = Debug|Any CPU
		{2DAB0B6B-2EB2-44A3-81FF-1D6C52F07514}.Debug|Any CPU.Build.0 = Debug|Any CPU
		{2DAB0B6B-2EB2-44A3-81FF-1D6C52F07514}.Debug|x64.ActiveCfg = Debug|Any CPU
		{2DAB0B6B-2EB2-44A3-81FF-1D6C52F07514}.Debug|x64.Build.0 = Debug|Any CPU
		{2DAB0B6B-2EB2-44A3-81FF-1D6C52F07514}.Debug|x86.ActiveCfg = Debug|Any CPU
		{2DAB0B6B-2EB2-44A3-81FF-1D6C52F07514}.Debug|x86.Build.0 = Debug|Any CPU
		{2DAB0B6B-2EB2-44A3-81FF-1D6C52F07514}.Release|Any CPU.ActiveCfg = Release|Any CPU
		{2DAB0B6B-2EB2-44A3-81FF-1D6C52F07514}.Release|Any CPU.Build.0 = Release|Any CPU
		{2DAB0B6B-2EB2-44A3-81FF-1D6C52F07514}.Release|x64.ActiveCfg = Release|Any CPU
		{2DAB0B6B-2EB2-44A3-81FF-1D6C52F07514}.Release|x64.Build.0 = Release|Any CPU
		{2DAB0B6B-2EB2-44A3-81FF-1D6C52F07514}.Release|x86.ActiveCfg = Release|Any CPU
		{2DAB0B6B-2EB2-44A3-81FF-1D6C52F07514}.Release|x86.Build.0 = Release|Any CPU
		{2B0963AF-18B7-403B-B979-0DADEECAA8C3}.Debug|Any CPU.ActiveCfg = Debug|Win32
		{2B0963AF-18B7-403B-B979-0DADEECAA8C3}.Debug|x64.ActiveCfg = Debug|x64
		{2B0963AF-18B7-403B-B979-0DADEECAA8C3}.Debug|x64.Build.0 = Debug|x64
		{2B0963AF-18B7-403B-B979-0DADEECAA8C3}.Debug|x86.ActiveCfg = Debug|Win32
		{2B0963AF-18B7-403B-B979-0DADEECAA8C3}.Debug|x86.Build.0 = Debug|Win32
		{2B0963AF-18B7-403B-B979-0DADEECAA8C3}.Release|Any CPU.ActiveCfg = Release|Win32
		{2B0963AF-18B7-403B-B979-0DADEECAA8C3}.Release|x64.ActiveCfg = Release|x64
		{2B0963AF-18B7-403B-B979-0DADEECAA8C3}.Release|x64.Build.0 = Release|x64
		{2B0963AF-18B7-403B-B979-0DADEECAA8C3}.Release|x86.ActiveCfg = Release|Win32
		{2B0963AF-18B7-403B-B979-0DADEECAA8C3}.Release|x86.Build.0 = Release|Win32
		{0C68E615-EDAF-4F29-8D5F-A383FB70E9C6}.Debug|Any CPU.ActiveCfg = Debug|Win32
		{0C68E615-EDAF-4F29-8D5F-A383FB70E9C6}.Debug|x64.ActiveCfg = Debug|x64
		{0C68E615-EDAF-4F29-8D5F-A383FB70E9C6}.Debug|x64.Build.0 = Debug|x64
		{0C68E615-EDAF-4F29-8D5F-A383FB70E9C6}.Debug|x86.ActiveCfg = Debug|Win32
		{0C68E615-EDAF-4F29-8D5F-A383FB70E9C6}.Debug|x86.Build.0 = Debug|Win32
		{0C68E615-EDAF-4F29-8D5F-A383FB70E9C6}.Release|Any CPU.ActiveCfg = Release|Win32
		{0C68E615-EDAF-4F29-8D5F-A383FB70E9C6}.Release|x64.ActiveCfg = Release|x64
		{0C68E615-EDAF-4F29-8D5F-A383FB70E9C6}.Release|x64.Build.0 = Release|x64
		{0C68E615-EDAF-4F29-8D5F-A383FB70E9C6}.Release|x86.ActiveCfg = Release|Win32
		{0C68E615-EDAF-4F29-8D5F-A383FB70E9C6}.Release|x86.Build.0 = Release|Win32
		{65232EBC-82C0-467B-A3AD-B804758EDC24}.Debug|Any CPU.ActiveCfg = Debug|Win32
		{65232EBC-82C0-467B-A3AD-B804758EDC24}.Debug|x64.ActiveCfg = Debug|x64
		{65232EBC-82C0-467B-A3AD-B804758EDC24}.Debug|x64.Build.0 = Debug|x64
		{65232EBC-82C0-467B-A3AD-B804758EDC24}.Debug|x86.ActiveCfg = Debug|Win32
		{65232EBC-82C0-467B-A3AD-B804758EDC24}.Debug|x86.Build.0 = Debug|Win32
		{65232EBC-82C0-467B-A3AD-B804758EDC24}.Release|Any CPU.ActiveCfg = Release|Win32
		{65232EBC-82C0-467B-A3AD-B804758EDC24}.Release|x64.ActiveCfg = Release|x64
		{65232EBC-82C0-467B-A3AD-B804758EDC24}.Release|x64.Build.0 = Release|x64
		{65232EBC-82C0-467B-A3AD-B804758EDC24}.Release|x86.ActiveCfg = Release|Win32
		{65232EBC-82C0-467B-A3AD-B804758EDC24}.Release|x86.Build.0 = Release|Win32
		{2FBD66E8-7039-44A1-8493-2BC146567542}.Debug|Any CPU.ActiveCfg = Debug|Win32
		{2FBD66E8-7039-44A1-8493-2BC146567542}.Debug|x64.ActiveCfg = Debug|x64
		{2FBD66E8-7039-44A1-8493-2BC146567542}.Debug|x64.Build.0 = Debug|x64
		{2FBD66E8-7039-44A1-8493-2BC146567542}.Debug|x86.ActiveCfg = Debug|Win32
		{2FBD66E8-7039-44A1-8493-2BC146567542}.Debug|x86.Build.0 = Debug|Win32
		{2FBD66E8-7039-44A1-8493-2BC146567542}.Release|Any CPU.ActiveCfg = Release|Win32
		{2FBD66E8-7039-44A1-8493-2BC146567542}.Release|x64.ActiveCfg = Release|x64
		{2FBD66E8-7039-44A1-8493-2BC146567542}.Release|x64.Build.0 = Release|x64
		{2FBD66E8-7039-44A1-8493-2BC146567542}.Release|x86.ActiveCfg = Release|Win32
		{2FBD66E8-7039-44A1-8493-2BC146567542}.Release|x86.Build.0 = Release|Win32
		{53A72323-F4BC-44E8-9D11-F287B2AD9603}.Debug|Any CPU.ActiveCfg = Debug|Win32
		{53A72323-F4BC-44E8-9D11-F287B2AD9603}.Debug|x64.ActiveCfg = Debug|x64
		{53A72323-F4BC-44E8-9D11-F287B2AD9603}.Debug|x64.Build.0 = Debug|x64
		{53A72323-F4BC-44E8-9D11-F287B2AD9603}.Debug|x86.ActiveCfg = Debug|Win32
		{53A72323-F4BC-44E8-9D11-F287B2AD9603}.Debug|x86.Build.0 = Debug|Win32
		{53A72323-F4BC-44E8-9D11-F287B2AD9603}.Release|Any CPU.ActiveCfg = Release|Win32
		{53A72323-F4BC-44E8-9D11-F287B2AD9603}.Release|x64.ActiveCfg = Release|x64
		{53A72323-F4BC-44E8-9D11-F287B2AD9603}.Release|x64.Build.0 = Release|x64
		{53A72323-F4BC-44E8-9D11-F287B2AD9603}.Release|x86.ActiveCfg = Release|Win32
		{53A72323-F4BC-44E8-9D11-F287B2AD9603}.Release|x86.Build.0 = Release|Win32
	EndGlobalSection
	GlobalSection(SolutionProperties) = preSolution
		HideSolutionNode = FALSE
	EndGlobalSection
	GlobalSection(ExtensibilityGlobals) = postSolution
		SolutionGuid = {0C376B97-71D5-4FFD-B958-043F5A7AB006}
	EndGlobalSection
EndGlobal
